{
  "originHash" : "f7cd9ca8ed61017a9dc908d24f56a4aacdbcec67282d818dfb8b3ab1f388f329",
  "pins" : [
    {
      "identity" : "matomo-sdk-ios",
      "kind" : "remoteSourceControl",
      "location" : "https://github.com/matomo-org/matomo-sdk-ios",
      "state" : {
        "revision" : "82a1f3b18215381e2133d98b7cc09b5a855ff99d",
        "version" : "7.7.0"
      }
    }
  ],
  "version" : 3
}
